
Microsoft Visual Studio Solution File, Format Version 12.00
# Visual Studio Version 16
VisualStudioVersion = 16.0.31410.357
MinimumVisualStudioVersion = 10.0.40219.1
Project("{9A19103F-16F7-4668-BE54-9A1E7A4F7556}") = "DentistApi", "DentistApi\DentistApi.csproj", "{A51D697F-1303-481E-8954-75460F48E5D7}"
EndProject
Project("{FAE04EC0-301F-11D3-BF4B-00C04F79EFBC}") = "ClassLib", "ClassLib\ClassLib.csproj", "{869C28C1-5F29-404D-87DB-A6E2463AAF94}"
EndProject
Global
	GlobalSection(SolutionConfigurationPlatforms) = preSolution
		Debug|Any CPU = Debug|Any CPU
		Release|Any CPU = Release|Any CPU
	EndGlobalSection
	GlobalSection(ProjectConfigurationPlatforms) = postSolution
		{A51D697F-1303-481E-8954-75460F48E5D7}.Debug|Any CPU.ActiveCfg = Debug|Any CPU
		{A51D697F-1303-481E-8954-75460F48E5D7}.Debug|Any CPU.Build.0 = Debug|Any CPU
		{A51D697F-1303-481E-8954-75460F48E5D7}.Release|Any CPU.ActiveCfg = Release|Any CPU
		{A51D697F-1303-481E-8954-75460F48E5D7}.Release|Any CPU.Build.0 = Release|Any CPU
		{869C28C1-5F29-404D-87DB-A6E2463AAF94}.Debug|Any CPU.ActiveCfg = Debug|Any CPU
		{869C28C1-5F29-404D-87DB-A6E2463AAF94}.Debug|Any CPU.Build.0 = Debug|Any CPU
		{869C28C1-5F29-404D-87DB-A6E2463AAF94}.Release|Any CPU.ActiveCfg = Release|Any CPU
		{869C28C1-5F29-404D-87DB-A6E2463AAF94}.Release|Any CPU.Build.0 = Release|Any CPU
	EndGlobalSection
	GlobalSection(SolutionProperties) = preSolution
		HideSolutionNode = FALSE
	EndGlobalSection
	GlobalSection(ExtensibilityGlobals) = postSolution
		SolutionGuid = {F1DFC010-5096-4C32-90BB-25F4D690715A}
	EndGlobalSection
EndGlobal
